// !$*UTF8*$!
{
	archiveVersion = 1;
	classes = {
	};
	objectVersion = 56;
	objects = {

/* Begin PBXBuildFile section */
		C90A11782A2EE149002E7953 /* HomeScreenForSearchingView.swift in Sources */ = {isa = PBXBuildFile; fileRef = C90A11772A2EE149002E7953 /* HomeScreenForSearchingView.swift */; };
		C90A117C2A2EE313002E7953 /* SearchedDataListModel.swift in Sources */ = {isa = PBXBuildFile; fileRef = C90A117B2A2EE313002E7953 /* SearchedDataListModel.swift */; };
		C90A117F2A2EE960002E7953 /* NetworkService.swift in Sources */ = {isa = PBXBuildFile; fileRef = C90A117E2A2EE960002E7953 /* NetworkService.swift */; };
		C90A11812A2EEF35002E7953 /* SearchResultsViewModel.swift in Sources */ = {isa = PBXBuildFile; fileRef = C90A11802A2EEF35002E7953 /* SearchResultsViewModel.swift */; };
		C97E524D2A2D460C007E9BA3 /* NASA_Image_SearcherApp.swift in Sources */ = {isa = PBXBuildFile; fileRef = C97E524C2A2D460C007E9BA3 /* NASA_Image_SearcherApp.swift */; };
		C97E524F2A2D460C007E9BA3 /* ContentView.swift in Sources */ = {isa = PBXBuildFile; fileRef = C97E524E2A2D460C007E9BA3 /* ContentView.swift */; };
		C97E52512A2D460E007E9BA3 /* Assets.xcassets in Resources */ = {isa = PBXBuildFile; fileRef = C97E52502A2D460E007E9BA3 /* Assets.xcassets */; };
		C97E52542A2D460E007E9BA3 /* Preview Assets.xcassets in Resources */ = {isa = PBXBuildFile; fileRef = C97E52532A2D460E007E9BA3 /* Preview Assets.xcassets */; };
		C97E525E2A2D460E007E9BA3 /* NASA_Image_SearcherTests.swift in Sources */ = {isa = PBXBuildFile; fileRef = C97E525D2A2D460E007E9BA3 /* NASA_Image_SearcherTests.swift */; };
		C97E52682A2D460E007E9BA3 /* NASA_Image_SearcherUITests.swift in Sources */ = {isa = PBXBuildFile; fileRef = C97E52672A2D460E007E9BA3 /* NASA_Image_SearcherUITests.swift */; };
		C97E526A2A2D460E007E9BA3 /* NASA_Image_SearcherUITestsLaunchTests.swift in Sources */ = {isa = PBXBuildFile; fileRef = C97E52692A2D460E007E9BA3 /* NASA_Image_SearcherUITestsLaunchTests.swift */; };
		C97E52772A2D4AB6007E9BA3 /* SearchBarView.swift in Sources */ = {isa = PBXBuildFile; fileRef = C97E52762A2D4AB6007E9BA3 /* SearchBarView.swift */; };
		C97E52792A2D53F0007E9BA3 /* ViewExtensions.swift in Sources */ = {isa = PBXBuildFile; fileRef = C97E52782A2D53F0007E9BA3 /* ViewExtensions.swift */; };
/* End PBXBuildFile section */

/* Begin PBXContainerItemProxy section */
		C97E525A2A2D460E007E9BA3 /* PBXContainerItemProxy */ = {
			isa = PBXContainerItemProxy;
			containerPortal = C97E52412A2D460C007E9BA3 /* Project object */;
			proxyType = 1;
			remoteGlobalIDString = C97E52482A2D460C007E9BA3;
			remoteInfo = "NASA Image Searcher";
		};
		C97E52642A2D460E007E9BA3 /* PBXContainerItemProxy */ = {
			isa = PBXContainerItemProxy;
			containerPortal = C97E52412A2D460C007E9BA3 /* Project object */;
			proxyType = 1;
			remoteGlobalIDString = C97E52482A2D460C007E9BA3;
			remoteInfo = "NASA Image Searcher";
		};
/* End PBXContainerItemProxy section */

/* Begin PBXFileReference section */
		C90A11772A2EE149002E7953 /* HomeScreenForSearchingView.swift */ = {isa = PBXFileReference; lastKnownFileType = sourcecode.swift; path = HomeScreenForSearchingView.swift; sourceTree = "<group>"; };
		C90A117B2A2EE313002E7953 /* SearchedDataListModel.swift */ = {isa = PBXFileReference; lastKnownFileType = sourcecode.swift; path = SearchedDataListModel.swift; sourceTree = "<group>"; };
		C90A117E2A2EE960002E7953 /* NetworkService.swift */ = {isa = PBXFileReference; lastKnownFileType = sourcecode.swift; path = NetworkService.swift; sourceTree = "<group>"; };
		C90A11802A2EEF35002E7953 /* SearchResultsViewModel.swift */ = {isa = PBXFileReference; lastKnownFileType = sourcecode.swift; path = SearchResultsViewModel.swift; sourceTree = "<group>"; };
		C97E52492A2D460C007E9BA3 /* NASA Image Searcher.app */ = {isa = PBXFileReference; explicitFileType = wrapper.application; includeInIndex = 0; path = "NASA Image Searcher.app"; sourceTree = BUILT_PRODUCTS_DIR; };
		C97E524C2A2D460C007E9BA3 /* NASA_Image_SearcherApp.swift */ = {isa = PBXFileReference; lastKnownFileType = sourcecode.swift; path = NASA_Image_SearcherApp.swift; sourceTree = "<group>"; };
		C97E524E2A2D460C007E9BA3 /* ContentView.swift */ = {isa = PBXFileReference; lastKnownFileType = sourcecode.swift; path = ContentView.swift; sourceTree = "<group>"; };
		C97E52502A2D460E007E9BA3 /* Assets.xcassets */ = {isa = PBXFileReference; lastKnownFileType = folder.assetcatalog; path = Assets.xcassets; sourceTree = "<group>"; };
		C97E52532A2D460E007E9BA3 /* Preview Assets.xcassets */ = {isa = PBXFileReference; lastKnownFileType = folder.assetcatalog; path = "Preview Assets.xcassets"; sourceTree = "<group>"; };
		C97E52592A2D460E007E9BA3 /* NASA Image SearcherTests.xctest */ = {isa = PBXFileReference; explicitFileType = wrapper.cfbundle; includeInIndex = 0; path = "NASA Image SearcherTests.xctest"; sourceTree = BUILT_PRODUCTS_DIR; };
		C97E525D2A2D460E007E9BA3 /* NASA_Image_SearcherTests.swift */ = {isa = PBXFileReference; lastKnownFileType = sourcecode.swift; path = NASA_Image_SearcherTests.swift; sourceTree = "<group>"; };
		C97E52632A2D460E007E9BA3 /* NASA Image SearcherUITests.xctest */ = {isa = PBXFileReference; explicitFileType = wrapper.cfbundle; includeInIndex = 0; path = "NASA Image SearcherUITests.xctest"; sourceTree = BUILT_PRODUCTS_DIR; };
		C97E52672A2D460E007E9BA3 /* NASA_Image_SearcherUITests.swift */ = {isa = PBXFileReference; lastKnownFileType = sourcecode.swift; path = NASA_Image_SearcherUITests.swift; sourceTree = "<group>"; };
		C97E52692A2D460E007E9BA3 /* NASA_Image_SearcherUITestsLaunchTests.swift */ = {isa = PBXFileReference; lastKnownFileType = sourcecode.swift; path = NASA_Image_SearcherUITestsLaunchTests.swift; sourceTree = "<group>"; };
		C97E52762A2D4AB6007E9BA3 /* SearchBarView.swift */ = {isa = PBXFileReference; lastKnownFileType = sourcecode.swift; path = SearchBarView.swift; sourceTree = "<group>"; };
		C97E52782A2D53F0007E9BA3 /* ViewExtensions.swift */ = {isa = PBXFileReference; lastKnownFileType = sourcecode.swift; path = ViewExtensions.swift; sourceTree = "<group>"; };
/* End PBXFileReference section */

/* Begin PBXFrameworksBuildPhase section */
		C97E52462A2D460C007E9BA3 /* Frameworks */ = {
			isa = PBXFrameworksBuildPhase;
			buildActionMask = 2147483647;
			files = (
			);
			runOnlyForDeploymentPostprocessing = 0;
		};
		C97E52562A2D460E007E9BA3 /* Frameworks */ = {
			isa = PBXFrameworksBuildPhase;
			buildActionMask = 2147483647;
			files = (
			);
			runOnlyForDeploymentPostprocessing = 0;
		};
		C97E52602A2D460E007E9BA3 /* Frameworks */ = {
			isa = PBXFrameworksBuildPhase;
			buildActionMask = 2147483647;
			files = (
			);
			runOnlyForDeploymentPostprocessing = 0;
		};
/* End PBXFrameworksBuildPhase section */

/* Begin PBXGroup section */
		C90A11792A2EE17F002E7953 /* ViewModels */ = {
			isa = PBXGroup;
			children = (
				C90A11802A2EEF35002E7953 /* SearchResultsViewModel.swift */,
			);
			path = ViewModels;
			sourceTree = "<group>";
		};
		C90A117A2A2EE195002E7953 /* Models */ = {
			isa = PBXGroup;
			children = (
				C90A117B2A2EE313002E7953 /* SearchedDataListModel.swift */,
			);
			path = Models;
			sourceTree = "<group>";
		};
		C90A117D2A2EE946002E7953 /* Networking */ = {
			isa = PBXGroup;
			children = (
				C90A117E2A2EE960002E7953 /* NetworkService.swift */,
			);
			path = Networking;
			sourceTree = "<group>";
		};
		C97E52402A2D460C007E9BA3 = {
			isa = PBXGroup;
			children = (
				C97E524B2A2D460C007E9BA3 /* NASA Image Searcher */,
				C97E525C2A2D460E007E9BA3 /* NASA Image SearcherTests */,
				C97E52662A2D460E007E9BA3 /* NASA Image SearcherUITests */,
				C97E524A2A2D460C007E9BA3 /* Products */,
			);
			sourceTree = "<group>";
		};
		C97E524A2A2D460C007E9BA3 /* Products */ = {
			isa = PBXGroup;
			children = (
				C97E52492A2D460C007E9BA3 /* NASA Image Searcher.app */,
				C97E52592A2D460E007E9BA3 /* NASA Image SearcherTests.xctest */,
				C97E52632A2D460E007E9BA3 /* NASA Image SearcherUITests.xctest */,
			);
			name = Products;
			sourceTree = "<group>";
		};
		C97E524B2A2D460C007E9BA3 /* NASA Image Searcher */ = {
			isa = PBXGroup;
			children = (
				C90A117D2A2EE946002E7953 /* Networking */,
				C90A117A2A2EE195002E7953 /* Models */,
				C90A11792A2EE17F002E7953 /* ViewModels */,
				C97E527D2A2D5462007E9BA3 /* Assets */,
				C97E527C2A2D544C007E9BA3 /* StartingPointOfApp */,
				C97E527B2A2D5436007E9BA3 /* Extensions */,
				C97E527A2A2D5427007E9BA3 /* Views */,
				C97E52522A2D460E007E9BA3 /* Preview Content */,
			);
			path = "NASA Image Searcher";
			sourceTree = "<group>";
		};
		C97E52522A2D460E007E9BA3 /* Preview Content */ = {
			isa = PBXGroup;
			children = (
				C97E52532A2D460E007E9BA3 /* Preview Assets.xcassets */,
			);
			path = "Preview Content";
			sourceTree = "<group>";
		};
		C97E525C2A2D460E007E9BA3 /* NASA Image SearcherTests */ = {
			isa = PBXGroup;
			children = (
				C97E525D2A2D460E007E9BA3 /* NASA_Image_SearcherTests.swift */,
			);
			path = "NASA Image SearcherTests";
			sourceTree = "<group>";
		};
		C97E52662A2D460E007E9BA3 /* NASA Image SearcherUITests */ = {
			isa = PBXGroup;
			children = (
				C97E52672A2D460E007E9BA3 /* NASA_Image_SearcherUITests.swift */,
				C97E52692A2D460E007E9BA3 /* NASA_Image_SearcherUITestsLaunchTests.swift */,
			);
			path = "NASA Image SearcherUITests";
			sourceTree = "<group>";
		};
		C97E527A2A2D5427007E9BA3 /* Views */ = {
			isa = PBXGroup;
			children = (
				C97E524E2A2D460C007E9BA3 /* ContentView.swift */,
				C90A11772A2EE149002E7953 /* HomeScreenForSearchingView.swift */,
				C97E52762A2D4AB6007E9BA3 /* SearchBarView.swift */,
			);
			path = Views;
			sourceTree = "<group>";
		};
		C97E527B2A2D5436007E9BA3 /* Extensions */ = {
			isa = PBXGroup;
			children = (
				C97E52782A2D53F0007E9BA3 /* ViewExtensions.swift */,
			);
			path = Extensions;
			sourceTree = "<group>";
		};
		C97E527C2A2D544C007E9BA3 /* StartingPointOfApp */ = {
			isa = PBXGroup;
			children = (
				C97E524C2A2D460C007E9BA3 /* NASA_Image_SearcherApp.swift */,
			);
			path = StartingPointOfApp;
			sourceTree = "<group>";
		};
		C97E527D2A2D5462007E9BA3 /* Assets */ = {
			isa = PBXGroup;
			children = (
				C97E52502A2D460E007E9BA3 /* Assets.xcassets */,
			);
			path = Assets;
			sourceTree = "<group>";
		};
/* End PBXGroup section */

/* Begin PBXNativeTarget section */
		C97E52482A2D460C007E9BA3 /* NASA Image Searcher */ = {
			isa = PBXNativeTarget;
			buildConfigurationList = C97E526D2A2D460E007E9BA3 /* Build configuration list for PBXNativeTarget "NASA Image Searcher" */;
			buildPhases = (
				C97E52452A2D460C007E9BA3 /* Sources */,
				C97E52462A2D460C007E9BA3 /* Frameworks */,
				C97E52472A2D460C007E9BA3 /* Resources */,
			);
			buildRules = (
			);
			dependencies = (
			);
			name = "NASA Image Searcher";
			productName = "NASA Image Searcher";
			productReference = C97E52492A2D460C007E9BA3 /* NASA Image Searcher.app */;
			productType = "com.apple.product-type.application";
		};
		C97E52582A2D460E007E9BA3 /* NASA Image SearcherTests */ = {
			isa = PBXNativeTarget;
			buildConfigurationList = C97E52702A2D460E007E9BA3 /* Build configuration list for PBXNativeTarget "NASA Image SearcherTests" */;
			buildPhases = (
				C97E52552A2D460E007E9BA3 /* Sources */,
				C97E52562A2D460E007E9BA3 /* Frameworks */,
				C97E52572A2D460E007E9BA3 /* Resources */,
			);
			buildRules = (
			);
			dependencies = (
				C97E525B2A2D460E007E9BA3 /* PBXTargetDependency */,
			);
			name = "NASA Image SearcherTests";
			productName = "NASA Image SearcherTests";
			productReference = C97E52592A2D460E007E9BA3 /* NASA Image SearcherTests.xctest */;
			productType = "com.apple.product-type.bundle.unit-test";
		};
		C97E52622A2D460E007E9BA3 /* NASA Image SearcherUITests */ = {
			isa = PBXNativeTarget;
			buildConfigurationList = C97E52732A2D460E007E9BA3 /* Build configuration list for PBXNativeTarget "NASA Image SearcherUITests" */;
			buildPhases = (
				C97E525F2A2D460E007E9BA3 /* Sources */,
				C97E52602A2D460E007E9BA3 /* Frameworks */,
				C97E52612A2D460E007E9BA3 /* Resources */,
			);
			buildRules = (
			);
			dependencies = (
				C97E52652A2D460E007E9BA3 /* PBXTargetDependency */,
			);
			name = "NASA Image SearcherUITests";
			productName = "NASA Image SearcherUITests";
			productReference = C97E52632A2D460E007E9BA3 /* NASA Image SearcherUITests.xctest */;
			productType = "com.apple.product-type.bundle.ui-testing";
		};
/* End PBXNativeTarget section */

/* Begin PBXProject section */
		C97E52412A2D460C007E9BA3 /* Project object */ = {
			isa = PBXProject;
			attributes = {
				BuildIndependentTargetsInParallel = 1;
				LastSwiftUpdateCheck = 1420;
				LastUpgradeCheck = 1420;
				TargetAttributes = {
					C97E52482A2D460C007E9BA3 = {
						CreatedOnToolsVersion = 14.2;
					};
					C97E52582A2D460E007E9BA3 = {
						CreatedOnToolsVersion = 14.2;
						TestTargetID = C97E52482A2D460C007E9BA3;
					};
					C97E52622A2D460E007E9BA3 = {
						CreatedOnToolsVersion = 14.2;
						TestTargetID = C97E52482A2D460C007E9BA3;
					};
				};
			};
			buildConfigurationList = C97E52442A2D460C007E9BA3 /* Build configuration list for PBXProject "NASA Image Searcher" */;
			compatibilityVersion = "Xcode 14.0";
			developmentRegion = en;
			hasScannedForEncodings = 0;
			knownRegions = (
				en,
				Base,
			);
			mainGroup = C97E52402A2D460C007E9BA3;
			productRefGroup = C97E524A2A2D460C007E9BA3 /* Products */;
			projectDirPath = "";
			projectRoot = "";
			targets = (
				C97E52482A2D460C007E9BA3 /* NASA Image Searcher */,
				C97E52582A2D460E007E9BA3 /* NASA Image SearcherTests */,
				C97E52622A2D460E007E9BA3 /* NASA Image SearcherUITests */,
			);
		};
/* End PBXProject section */

/* Begin PBXResourcesBuildPhase section */
		C97E52472A2D460C007E9BA3 /* Resources */ = {
			isa = PBXResourcesBuildPhase;
			buildActionMask = 2147483647;
			files = (
				C97E52542A2D460E007E9BA3 /* Preview Assets.xcassets in Resources */,
				C97E52512A2D460E007E9BA3 /* Assets.xcassets in Resources */,
			);
			runOnlyForDeploymentPostprocessing = 0;
		};
		C97E52572A2D460E007E9BA3 /* Resources */ = {
			isa = PBXResourcesBuildPhase;
			buildActionMask = 2147483647;
			files = (
			);
			runOnlyForDeploymentPostprocessing = 0;
		};
		C97E52612A2D460E007E9BA3 /* Resources */ = {
			isa = PBXResourcesBuildPhase;
			buildActionMask = 2147483647;
			files = (
			);
			runOnlyForDeploymentPostprocessing = 0;
		};
/* End PBXResourcesBuildPhase section */

/* Begin PBXSourcesBuildPhase section */
		C97E52452A2D460C007E9BA3 /* Sources */ = {
			isa = PBXSourcesBuildPhase;
			buildActionMask = 2147483647;
			files = (
				C97E524F2A2D460C007E9BA3 /* ContentView.swift in Sources */,
				C97E52772A2D4AB6007E9BA3 /* SearchBarView.swift in Sources */,
				C97E52792A2D53F0007E9BA3 /* ViewExtensions.swift in Sources */,
				C90A11812A2EEF35002E7953 /* SearchResultsViewModel.swift in Sources */,
				C90A11782A2EE149002E7953 /* HomeScreenForSearchingView.swift in Sources */,
				C90A117C2A2EE313002E7953 /* SearchedDataListModel.swift in Sources */,
				C97E524D2A2D460C007E9BA3 /* NASA_Image_SearcherApp.swift in Sources */,
				C90A117F2A2EE960002E7953 /* NetworkService.swift in Sources */,
			);
			runOnlyForDeploymentPostprocessing = 0;
		};
		C97E52552A2D460E007E9BA3 /* Sources */ = {
			isa = PBXSourcesBuildPhase;
			buildActionMask = 2147483647;
			files = (
				C97E525E2A2D460E007E9BA3 /* NASA_Image_SearcherTests.swift in Sources */,
			);
			runOnlyForDeploymentPostprocessing = 0;
		};
		C97E525F2A2D460E007E9BA3 /* Sources */ = {
			isa = PBXSourcesBuildPhase;
			buildActionMask = 2147483647;
			files = (
				C97E526A2A2D460E007E9BA3 /* NASA_Image_SearcherUITestsLaunchTests.swift in Sources */,
				C97E52682A2D460E007E9BA3 /* NASA_Image_SearcherUITests.swift in Sources */,
			);
			runOnlyForDeploymentPostprocessing = 0;
		};
/* End PBXSourcesBuildPhase section */

/* Begin PBXTargetDependency section */
		C97E525B2A2D460E007E9BA3 /* PBXTargetDependency */ = {
			isa = PBXTargetDependency;
			target = C97E52482A2D460C007E9BA3 /* NASA Image Searcher */;
			targetProxy = C97E525A2A2D460E007E9BA3 /* PBXContainerItemProxy */;
		};
		C97E52652A2D460E007E9BA3 /* PBXTargetDependency */ = {
			isa = PBXTargetDependency;
			target = C97E52482A2D460C007E9BA3 /* NASA Image Searcher */;
			targetProxy = C97E52642A2D460E007E9BA3 /* PBXContainerItemProxy */;
		};
/* End PBXTargetDependency section */

/* Begin XCBuildConfiguration section */
		C97E526B2A2D460E007E9BA3 /* Debug */ = {
			isa = XCBuildConfiguration;
			buildSettings = {
				ALWAYS_SEARCH_USER_PATHS = NO;
				CLANG_ANALYZER_NONNULL = YES;
				CLANG_ANALYZER_NUMBER_OBJECT_CONVERSION = YES_AGGRESSIVE;
				CLANG_CXX_LANGUAGE_STANDARD = "gnu++20";
				CLANG_ENABLE_MODULES = YES;
				CLANG_ENABLE_OBJC_ARC = YES;
				CLANG_ENABLE_OBJC_WEAK = YES;
				CLANG_WARN_BLOCK_CAPTURE_AUTORELEASING = YES;
				CLANG_WARN_BOOL_CONVERSION = YES;
				CLANG_WARN_COMMA = YES;
				CLANG_WARN_CONSTANT_CONVERSION = YES;
				CLANG_WARN_DEPRECATED_OBJC_IMPLEMENTATIONS = YES;
				CLANG_WARN_DIRECT_OBJC_ISA_USAGE = YES_ERROR;
				CLANG_WARN_DOCUMENTATION_COMMENTS = YES;
				CLANG_WARN_EMPTY_BODY = YES;
				CLANG_WARN_ENUM_CONVERSION = YES;
				CLANG_WARN_INFINITE_RECURSION = YES;
				CLANG_WARN_INT_CONVERSION = YES;
				CLANG_WARN_NON_LITERAL_NULL_CONVERSION = YES;
				CLANG_WARN_OBJC_IMPLICIT_RETAIN_SELF = YES;
				CLANG_WARN_OBJC_LITERAL_CONVERSION = YES;
				CLANG_WARN_OBJC_ROOT_CLASS = YES_ERROR;
				CLANG_WARN_QUOTED_INCLUDE_IN_FRAMEWORK_HEADER = YES;
				CLANG_WARN_RANGE_LOOP_ANALYSIS = YES;
				CLANG_WARN_STRICT_PROTOTYPES = YES;
				CLANG_WARN_SUSPICIOUS_MOVE = YES;
				CLANG_WARN_UNGUARDED_AVAILABILITY = YES_AGGRESSIVE;
				CLANG_WARN_UNREACHABLE_CODE = YES;
				CLANG_WARN__DUPLICATE_METHOD_MATCH = YES;
				COPY_PHASE_STRIP = NO;
				DEBUG_INFORMATION_FORMAT = dwarf;
				ENABLE_STRICT_OBJC_MSGSEND = YES;
				ENABLE_TESTABILITY = YES;
				GCC_C_LANGUAGE_STANDARD = gnu11;
				GCC_DYNAMIC_NO_PIC = NO;
				GCC_NO_COMMON_BLOCKS = YES;
				GCC_OPTIMIZATION_LEVEL = 0;
				GCC_PREPROCESSOR_DEFINITIONS = (
					"DEBUG=1",
					"$(inherited)",
				);
				GCC_WARN_64_TO_32_BIT_CONVERSION = YES;
				GCC_WARN_ABOUT_RETURN_TYPE = YES_ERROR;
				GCC_WARN_UNDECLARED_SELECTOR = YES;
				GCC_WARN_UNINITIALIZED_AUTOS = YES_AGGRESSIVE;
				GCC_WARN_UNUSED_FUNCTION = YES;
				GCC_WARN_UNUSED_VARIABLE = YES;
				IPHONEOS_DEPLOYMENT_TARGET = 16.2;
				MTL_ENABLE_DEBUG_INFO = INCLUDE_SOURCE;
				MTL_FAST_MATH = YES;
				ONLY_ACTIVE_ARCH = YES;
				SDKROOT = iphoneos;
				SWIFT_ACTIVE_COMPILATION_CONDITIONS = DEBUG;
				SWIFT_OPTIMIZATION_LEVEL = "-Onone";
			};
			name = Debug;
		};
		C97E526C2A2D460E007E9BA3 /* Release */ = {
			isa = XCBuildConfiguration;
			buildSettings = {
				ALWAYS_SEARCH_USER_PATHS = NO;
				CLANG_ANALYZER_NONNULL = YES;
				CLANG_ANALYZER_NUMBER_OBJECT_CONVERSION = YES_AGGRESSIVE;
				CLANG_CXX_LANGUAGE_STANDARD = "gnu++20";
				CLANG_ENABLE_MODULES = YES;
				CLANG_ENABLE_OBJC_ARC = YES;
				CLANG_ENABLE_OBJC_WEAK = YES;
				CLANG_WARN_BLOCK_CAPTURE_AUTORELEASING = YES;
				CLANG_WARN_BOOL_CONVERSION = YES;
				CLANG_WARN_COMMA = YES;
				CLANG_WARN_CONSTANT_CONVERSION = YES;
				CLANG_WARN_DEPRECATED_OBJC_IMPLEMENTATIONS = YES;
				CLANG_WARN_DIRECT_OBJC_ISA_USAGE = YES_ERROR;
				CLANG_WARN_DOCUMENTATION_COMMENTS = YES;
				CLANG_WARN_EMPTY_BODY = YES;
				CLANG_WARN_ENUM_CONVERSION = YES;
				CLANG_WARN_INFINITE_RECURSION = YES;
				CLANG_WARN_INT_CONVERSION = YES;
				CLANG_WARN_NON_LITERAL_NULL_CONVERSION = YES;
				CLANG_WARN_OBJC_IMPLICIT_RETAIN_SELF = YES;
				CLANG_WARN_OBJC_LITERAL_CONVERSION = YES;
				CLANG_WARN_OBJC_ROOT_CLASS = YES_ERROR;
				CLANG_WARN_QUOTED_INCLUDE_IN_FRAMEWORK_HEADER = YES;
				CLANG_WARN_RANGE_LOOP_ANALYSIS = YES;
				CLANG_WARN_STRICT_PROTOTYPES = YES;
				CLANG_WARN_SUSPICIOUS_MOVE = YES;
				CLANG_WARN_UNGUARDED_AVAILABILITY = YES_AGGRESSIVE;
				CLANG_WARN_UNREACHABLE_CODE = YES;
				CLANG_WARN__DUPLICATE_METHOD_MATCH = YES;
				COPY_PHASE_STRIP = NO;
				DEBUG_INFORMATION_FORMAT = "dwarf-with-dsym";
				ENABLE_NS_ASSERTIONS = NO;
				ENABLE_STRICT_OBJC_MSGSEND = YES;
				GCC_C_LANGUAGE_STANDARD = gnu11;
				GCC_NO_COMMON_BLOCKS = YES;
				GCC_WARN_64_TO_32_BIT_CONVERSION = YES;
				GCC_WARN_ABOUT_RETURN_TYPE = YES_ERROR;
				GCC_WARN_UNDECLARED_SELECTOR = YES;
				GCC_WARN_UNINITIALIZED_AUTOS = YES_AGGRESSIVE;
				GCC_WARN_UNUSED_FUNCTION = YES;
				GCC_WARN_UNUSED_VARIABLE = YES;
				IPHONEOS_DEPLOYMENT_TARGET = 16.2;
				MTL_ENABLE_DEBUG_INFO = NO;
				MTL_FAST_MATH = YES;
				SDKROOT = iphoneos;
				SWIFT_COMPILATION_MODE = wholemodule;
				SWIFT_OPTIMIZATION_LEVEL = "-O";
				VALIDATE_PRODUCT = YES;
			};
			name = Release;
		};
		C97E526E2A2D460E007E9BA3 /* Debug */ = {
			isa = XCBuildConfiguration;
			buildSettings = {
				ASSETCATALOG_COMPILER_APPICON_NAME = AppIcon;
				ASSETCATALOG_COMPILER_GLOBAL_ACCENT_COLOR_NAME = AccentColor;
				CODE_SIGN_STYLE = Automatic;
				CURRENT_PROJECT_VERSION = 1;
				DEVELOPMENT_ASSET_PATHS = "\"NASA Image Searcher/Preview Content\"";
				DEVELOPMENT_TEAM = 34QWML2NSJ;
				ENABLE_PREVIEWS = YES;
				GENERATE_INFOPLIST_FILE = YES;
				INFOPLIST_KEY_UIApplicationSceneManifest_Generation = YES;
				INFOPLIST_KEY_UIApplicationSupportsIndirectInputEvents = YES;
				INFOPLIST_KEY_UILaunchScreen_Generation = YES;
				INFOPLIST_KEY_UISupportedInterfaceOrientations_iPad = "UIInterfaceOrientationPortrait UIInterfaceOrientationPortraitUpsideDown UIInterfaceOrientationLandscapeLeft UIInterfaceOrientationLandscapeRight";
				INFOPLIST_KEY_UISupportedInterfaceOrientations_iPhone = "UIInterfaceOrientationPortrait UIInterfaceOrientationLandscapeLeft UIInterfaceOrientationLandscapeRight";
				LD_RUNPATH_SEARCH_PATHS = (
					"$(inherited)",
					"@executable_path/Frameworks",
				);
				MARKETING_VERSION = 1.0;
				PRODUCT_BUNDLE_IDENTIFIER = "com.AdamZuspan.NASA-Image-Searcher";
				PRODUCT_NAME = "$(TARGET_NAME)";
				SWIFT_EMIT_LOC_STRINGS = YES;
				SWIFT_VERSION = 5.0;
				TARGETED_DEVICE_FAMILY = "1,2";
			};
			name = Debug;
		};
		C97E526F2A2D460E007E9BA3 /* Release */ = {
			isa = XCBuildConfiguration;
			buildSettings = {
				ASSETCATALOG_COMPILER_APPICON_NAME = AppIcon;
				ASSETCATALOG_COMPILER_GLOBAL_ACCENT_COLOR_NAME = AccentColor;
				CODE_SIGN_STYLE = Automatic;
				CURRENT_PROJECT_VERSION = 1;
				DEVELOPMENT_ASSET_PATHS = "\"NASA Image Searcher/Preview Content\"";
				DEVELOPMENT_TEAM = 34QWML2NSJ;
				ENABLE_PREVIEWS = YES;
				GENERATE_INFOPLIST_FILE = YES;
				INFOPLIST_KEY_UIApplicationSceneManifest_Generation = YES;
				INFOPLIST_KEY_UIApplicationSupportsIndirectInputEvents = YES;
				INFOPLIST_KEY_UILaunchScreen_Generation = YES;
				INFOPLIST_KEY_UISupportedInterfaceOrientations_iPad = "UIInterfaceOrientationPortrait UIInterfaceOrientationPortraitUpsideDown UIInterfaceOrientationLandscapeLeft UIInterfaceOrientationLandscapeRight";
				INFOPLIST_KEY_UISupportedInterfaceOrientations_iPhone = "UIInterfaceOrientationPortrait UIInterfaceOrientationLandscapeLeft UIInterfaceOrientationLandscapeRight";
				LD_RUNPATH_SEARCH_PATHS = (
					"$(inherited)",
					"@executable_path/Frameworks",
				);
				MARKETING_VERSION = 1.0;
				PRODUCT_BUNDLE_IDENTIFIER = "com.AdamZuspan.NASA-Image-Searcher";
				PRODUCT_NAME = "$(TARGET_NAME)";
				SWIFT_EMIT_LOC_STRINGS = YES;
				SWIFT_VERSION = 5.0;
				TARGETED_DEVICE_FAMILY = "1,2";
			};
			name = Release;
		};
		C97E52712A2D460E007E9BA3 /* Debug */ = {
			isa = XCBuildConfiguration;
			buildSettings = {
				ALWAYS_EMBED_SWIFT_STANDARD_LIBRARIES = YES;
				BUNDLE_LOADER = "$(TEST_HOST)";
				CODE_SIGN_STYLE = Automatic;
				CURRENT_PROJECT_VERSION = 1;
				DEVELOPMENT_TEAM = 34QWML2NSJ;
				GENERATE_INFOPLIST_FILE = YES;
				IPHONEOS_DEPLOYMENT_TARGET = 16.2;
				MARKETING_VERSION = 1.0;
				PRODUCT_BUNDLE_IDENTIFIER = "com.AdamZuspan.NASA-Image-SearcherTests";
				PRODUCT_NAME = "$(TARGET_NAME)";
				SWIFT_EMIT_LOC_STRINGS = NO;
				SWIFT_VERSION = 5.0;
				TARGETED_DEVICE_FAMILY = "1,2";
				TEST_HOST = "$(BUILT_PRODUCTS_DIR)/NASA Image Searcher.app/$(BUNDLE_EXECUTABLE_FOLDER_PATH)/NASA Image Searcher";
			};
			name = Debug;
		};
		C97E52722A2D460E007E9BA3 /* Release */ = {
			isa = XCBuildConfiguration;
			buildSettings = {
				ALWAYS_EMBED_SWIFT_STANDARD_LIBRARIES = YES;
				BUNDLE_LOADER = "$(TEST_HOST)";
				CODE_SIGN_STYLE = Automatic;
				CURRENT_PROJECT_VERSION = 1;
				DEVELOPMENT_TEAM = 34QWML2NSJ;
				GENERATE_INFOPLIST_FILE = YES;
				IPHONEOS_DEPLOYMENT_TARGET = 16.2;
				MARKETING_VERSION = 1.0;
				PRODUCT_BUNDLE_IDENTIFIER = "com.AdamZuspan.NASA-Image-SearcherTests";
				PRODUCT_NAME = "$(TARGET_NAME)";
				SWIFT_EMIT_LOC_STRINGS = NO;
				SWIFT_VERSION = 5.0;
				TARGETED_DEVICE_FAMILY = "1,2";
				TEST_HOST = "$(BUILT_PRODUCTS_DIR)/NASA Image Searcher.app/$(BUNDLE_EXECUTABLE_FOLDER_PATH)/NASA Image Searcher";
			};
			name = Release;
		};
		C97E52742A2D460E007E9BA3 /* Debug */ = {
			isa = XCBuildConfiguration;
			buildSettings = {
				ALWAYS_EMBED_SWIFT_STANDARD_LIBRARIES = YES;
				CODE_SIGN_STYLE = Automatic;
				CURRENT_PROJECT_VERSION = 1;
				DEVELOPMENT_TEAM = 34QWML2NSJ;
				GENERATE_INFOPLIST_FILE = YES;
				MARKETING_VERSION = 1.0;
				PRODUCT_BUNDLE_IDENTIFIER = "com.AdamZuspan.NASA-Image-SearcherUITests";
				PRODUCT_NAME = "$(TARGET_NAME)";
				SWIFT_EMIT_LOC_STRINGS = NO;
				SWIFT_VERSION = 5.0;
				TARGETED_DEVICE_FAMILY = "1,2";
				TEST_TARGET_NAME = "NASA Image Searcher";
			};
			name = Debug;
		};
		C97E52752A2D460E007E9BA3 /* Release */ = {
			isa = XCBuildConfiguration;
			buildSettings = {
				ALWAYS_EMBED_SWIFT_STANDARD_LIBRARIES = YES;
				CODE_SIGN_STYLE = Automatic;
				CURRENT_PROJECT_VERSION = 1;
				DEVELOPMENT_TEAM = 34QWML2NSJ;
				GENERATE_INFOPLIST_FILE = YES;
				MARKETING_VERSION = 1.0;
				PRODUCT_BUNDLE_IDENTIFIER = "com.AdamZuspan.NASA-Image-SearcherUITests";
				PRODUCT_NAME = "$(TARGET_NAME)";
				SWIFT_EMIT_LOC_STRINGS = NO;
				SWIFT_VERSION = 5.0;
				TARGETED_DEVICE_FAMILY = "1,2";
				TEST_TARGET_NAME = "NASA Image Searcher";
			};
			name = Release;
		};
/* End XCBuildConfiguration section */

/* Begin XCConfigurationList section */
		C97E52442A2D460C007E9BA3 /* Build configuration list for PBXProject "NASA Image Searcher" */ = {
			isa = XCConfigurationList;
			buildConfigurations = (
				C97E526B2A2D460E007E9BA3 /* Debug */,
				C97E526C2A2D460E007E9BA3 /* Release */,
			);
			defaultConfigurationIsVisible = 0;
			defaultConfigurationName = Release;
		};
		C97E526D2A2D460E007E9BA3 /* Build configuration list for PBXNativeTarget "NASA Image Searcher" */ = {
			isa = XCConfigurationList;
			buildConfigurations = (
				C97E526E2A2D460E007E9BA3 /* Debug */,
				C97E526F2A2D460E007E9BA3 /* Release */,
			);
			defaultConfigurationIsVisible = 0;
			defaultConfigurationName = Release;
		};
		C97E52702A2D460E007E9BA3 /* Build configuration list for PBXNativeTarget "NASA Image SearcherTests" */ = {
			isa = XCConfigurationList;
			buildConfigurations = (
				C97E52712A2D460E007E9BA3 /* Debug */,
				C97E52722A2D460E007E9BA3 /* Release */,
			);
			defaultConfigurationIsVisible = 0;
			defaultConfigurationName = Release;
		};
		C97E52732A2D460E007E9BA3 /* Build configuration list for PBXNativeTarget "NASA Image SearcherUITests" */ = {
			isa = XCConfigurationList;
			buildConfigurations = (
				C97E52742A2D460E007E9BA3 /* Debug */,
				C97E52752A2D460E007E9BA3 /* Release */,
			);
			defaultConfigurationIsVisible = 0;
			defaultConfigurationName = Release;
		};
/* End XCConfigurationList section */
	};
	rootObject = C97E52412A2D460C007E9BA3 /* Project object */;
}
